
Microsoft Visual Studio Solution File, Format Version 11.00
# Visual Studio 2010
Project("{FAE04EC0-301F-11D3-BF4B-00C04F79EFBC}") = "HarvestUsgs", "HarvestUsgs\HarvestUsgs.csproj", "{E817C60A-9C7F-42E0-9ADC-BBF45FC2B565}"
EndProject
Project("{FAE04EC0-301F-11D3-BF4B-00C04F79EFBC}") = "HarvestUsgsTest", "HarvestUsgsTest\HarvestUsgsTest.csproj", "{AB45445E-6CA3-4988-A6DA-D2D3ED7E87D8}"
EndProject
Project("{FAE04EC0-301F-11D3-BF4B-00C04F79EFBC}") = "HisCentralEntity_v1", "HisCentralEntity_v1\HisCentralEntity_v1.csproj", "{B68DE97D-FB02-47DF-A981-60C621812056}"
EndProject
Project("{FAE04EC0-301F-11D3-BF4B-00C04F79EFBC}") = "Harvest", "Harvest\Harvest.csproj", "{CFC0A2F2-C835-4A1A-947D-EA5A5DEEB482}"
EndProject
Global
	GlobalSection(SolutionConfigurationPlatforms) = preSolution
		Debug|Any CPU = Debug|Any CPU
		Debug|Mixed Platforms = Debug|Mixed Platforms
		Debug|x86 = Debug|x86
		Release|Any CPU = Release|Any CPU
		Release|Mixed Platforms = Release|Mixed Platforms
		Release|x86 = Release|x86
	EndGlobalSection
	GlobalSection(ProjectConfigurationPlatforms) = postSolution
		{E817C60A-9C7F-42E0-9ADC-BBF45FC2B565}.Debug|Any CPU.ActiveCfg = Debug|x86
		{E817C60A-9C7F-42E0-9ADC-BBF45FC2B565}.Debug|Mixed Platforms.ActiveCfg = Debug|x86
		{E817C60A-9C7F-42E0-9ADC-BBF45FC2B565}.Debug|Mixed Platforms.Build.0 = Debug|x86
		{E817C60A-9C7F-42E0-9ADC-BBF45FC2B565}.Debug|x86.ActiveCfg = Debug|x86
		{E817C60A-9C7F-42E0-9ADC-BBF45FC2B565}.Debug|x86.Build.0 = Debug|x86
		{E817C60A-9C7F-42E0-9ADC-BBF45FC2B565}.Release|Any CPU.ActiveCfg = Release|x86
		{E817C60A-9C7F-42E0-9ADC-BBF45FC2B565}.Release|Mixed Platforms.ActiveCfg = Release|x86
		{E817C60A-9C7F-42E0-9ADC-BBF45FC2B565}.Release|Mixed Platforms.Build.0 = Release|x86
		{E817C60A-9C7F-42E0-9ADC-BBF45FC2B565}.Release|x86.ActiveCfg = Release|x86
		{E817C60A-9C7F-42E0-9ADC-BBF45FC2B565}.Release|x86.Build.0 = Release|x86
		{AB45445E-6CA3-4988-A6DA-D2D3ED7E87D8}.Debug|Any CPU.ActiveCfg = Debug|Any CPU
		{AB45445E-6CA3-4988-A6DA-D2D3ED7E87D8}.Debug|Any CPU.Build.0 = Debug|Any CPU
		{AB45445E-6CA3-4988-A6DA-D2D3ED7E87D8}.Debug|Mixed Platforms.ActiveCfg = Debug|Any CPU
		{AB45445E-6CA3-4988-A6DA-D2D3ED7E87D8}.Debug|Mixed Platforms.Build.0 = Debug|Any CPU
		{AB45445E-6CA3-4988-A6DA-D2D3ED7E87D8}.Debug|x86.ActiveCfg = Debug|Any CPU
		{AB45445E-6CA3-4988-A6DA-D2D3ED7E87D8}.Release|Any CPU.ActiveCfg = Release|Any CPU
		{AB45445E-6CA3-4988-A6DA-D2D3ED7E87D8}.Release|Any CPU.Build.0 = Release|Any CPU
		{AB45445E-6CA3-4988-A6DA-D2D3ED7E87D8}.Release|Mixed Platforms.ActiveCfg = Release|Any CPU
		{AB45445E-6CA3-4988-A6DA-D2D3ED7E87D8}.Release|Mixed Platforms.Build.0 = Release|Any CPU
		{AB45445E-6CA3-4988-A6DA-D2D3ED7E87D8}.Release|x86.ActiveCfg = Release|Any CPU
		{B68DE97D-FB02-47DF-A981-60C621812056}.Debug|Any CPU.ActiveCfg = Debug|Any CPU
		{B68DE97D-FB02-47DF-A981-60C621812056}.Debug|Any CPU.Build.0 = Debug|Any CPU
		{B68DE97D-FB02-47DF-A981-60C621812056}.Debug|Mixed Platforms.ActiveCfg = Debug|Any CPU
		{B68DE97D-FB02-47DF-A981-60C621812056}.Debug|Mixed Platforms.Build.0 = Debug|Any CPU
		{B68DE97D-FB02-47DF-A981-60C621812056}.Debug|x86.ActiveCfg = Debug|Any CPU
		{B68DE97D-FB02-47DF-A981-60C621812056}.Release|Any CPU.ActiveCfg = Release|Any CPU
		{B68DE97D-FB02-47DF-A981-60C621812056}.Release|Any CPU.Build.0 = Release|Any CPU
		{B68DE97D-FB02-47DF-A981-60C621812056}.Release|Mixed Platforms.ActiveCfg = Release|Any CPU
		{B68DE97D-FB02-47DF-A981-60C621812056}.Release|Mixed Platforms.Build.0 = Release|Any CPU
		{B68DE97D-FB02-47DF-A981-60C621812056}.Release|x86.ActiveCfg = Release|Any CPU
		{CFC0A2F2-C835-4A1A-947D-EA5A5DEEB482}.Debug|Any CPU.ActiveCfg = Debug|Any CPU
		{CFC0A2F2-C835-4A1A-947D-EA5A5DEEB482}.Debug|Any CPU.Build.0 = Debug|Any CPU
		{CFC0A2F2-C835-4A1A-947D-EA5A5DEEB482}.Debug|Mixed Platforms.ActiveCfg = Debug|Any CPU
		{CFC0A2F2-C835-4A1A-947D-EA5A5DEEB482}.Debug|Mixed Platforms.Build.0 = Debug|Any CPU
		{CFC0A2F2-C835-4A1A-947D-EA5A5DEEB482}.Debug|x86.ActiveCfg = Debug|Any CPU
		{CFC0A2F2-C835-4A1A-947D-EA5A5DEEB482}.Release|Any CPU.ActiveCfg = Release|Any CPU
		{CFC0A2F2-C835-4A1A-947D-EA5A5DEEB482}.Release|Any CPU.Build.0 = Release|Any CPU
		{CFC0A2F2-C835-4A1A-947D-EA5A5DEEB482}.Release|Mixed Platforms.ActiveCfg = Release|Any CPU
		{CFC0A2F2-C835-4A1A-947D-EA5A5DEEB482}.Release|Mixed Platforms.Build.0 = Release|Any CPU
		{CFC0A2F2-C835-4A1A-947D-EA5A5DEEB482}.Release|x86.ActiveCfg = Release|Any CPU
	EndGlobalSection
	GlobalSection(SolutionProperties) = preSolution
		HideSolutionNode = FALSE
	EndGlobalSection
EndGlobal
