Microsoft Visual Studio Solution File, Format Version 11.00
# Visual Studio 2010
Project("{2150E333-8FDC-42A3-9474-1A3956D46DE8}") = "Solution Items", "Solution Items", "{B626EB45-21B7-474E-AD5C-FFF9F3315170}"
	ProjectSection(SolutionItems) = preProject
		genericODws.vsmdi = genericODws.vsmdi
		localtestrun.testrunconfig = localtestrun.testrunconfig
		ReadMe_ToBuild.txt = ReadMe_ToBuild.txt
	EndProjectSection
	ProjectSection(FolderStartupServices) = postProject
		{B4F97281-0DBD-4835-9ED8-7DFB966E87FF} = {B4F97281-0DBD-4835-9ED8-7DFB966E87FF}
		{B4F97281-0DBD-4835-9ED8-7DFB966E87FF} = {B4F97281-0DBD-4835-9ED8-7DFB966E87FF}
		{B4F97281-0DBD-4835-9ED8-7DFB966E87FF} = {B4F97281-0DBD-4835-9ED8-7DFB966E87FF}
		{B4F97281-0DBD-4835-9ED8-7DFB966E87FF} = {B4F97281-0DBD-4835-9ED8-7DFB966E87FF}
		{B4F97281-0DBD-4835-9ED8-7DFB966E87FF} = {B4F97281-0DBD-4835-9ED8-7DFB966E87FF}
		{B4F97281-0DBD-4835-9ED8-7DFB966E87FF} = {B4F97281-0DBD-4835-9ED8-7DFB966E87FF}
		{B4F97281-0DBD-4835-9ED8-7DFB966E87FF} = {B4F97281-0DBD-4835-9ED8-7DFB966E87FF}
		{B4F97281-0DBD-4835-9ED8-7DFB966E87FF} = {B4F97281-0DBD-4835-9ED8-7DFB966E87FF}
		{B4F97281-0DBD-4835-9ED8-7DFB966E87FF} = {B4F97281-0DBD-4835-9ED8-7DFB966E87FF}
		{B4F97281-0DBD-4835-9ED8-7DFB966E87FF} = {B4F97281-0DBD-4835-9ED8-7DFB966E87FF}
		{B4F97281-0DBD-4835-9ED8-7DFB966E87FF} = {B4F97281-0DBD-4835-9ED8-7DFB966E87FF}
		{B4F97281-0DBD-4835-9ED8-7DFB966E87FF} = {B4F97281-0DBD-4835-9ED8-7DFB966E87FF}
		{B4F97281-0DBD-4835-9ED8-7DFB966E87FF} = {B4F97281-0DBD-4835-9ED8-7DFB966E87FF}
		{B4F97281-0DBD-4835-9ED8-7DFB966E87FF} = {B4F97281-0DBD-4835-9ED8-7DFB966E87FF}
		{B4F97281-0DBD-4835-9ED8-7DFB966E87FF} = {B4F97281-0DBD-4835-9ED8-7DFB966E87FF}
		{B4F97281-0DBD-4835-9ED8-7DFB966E87FF} = {B4F97281-0DBD-4835-9ED8-7DFB966E87FF}
		{B4F97281-0DBD-4835-9ED8-7DFB966E87FF} = {B4F97281-0DBD-4835-9ED8-7DFB966E87FF}
		{B4F97281-0DBD-4835-9ED8-7DFB966E87FF} = {B4F97281-0DBD-4835-9ED8-7DFB966E87FF}
		{B4F97281-0DBD-4835-9ED8-7DFB966E87FF} = {B4F97281-0DBD-4835-9ED8-7DFB966E87FF}
		{B4F97281-0DBD-4835-9ED8-7DFB966E87FF} = {B4F97281-0DBD-4835-9ED8-7DFB966E87FF}
		{B4F97281-0DBD-4835-9ED8-7DFB966E87FF} = {B4F97281-0DBD-4835-9ED8-7DFB966E87FF}
		{B4F97281-0DBD-4835-9ED8-7DFB966E87FF} = {B4F97281-0DBD-4835-9ED8-7DFB966E87FF}
		{B4F97281-0DBD-4835-9ED8-7DFB966E87FF} = {B4F97281-0DBD-4835-9ED8-7DFB966E87FF}
		{B4F97281-0DBD-4835-9ED8-7DFB966E87FF} = {B4F97281-0DBD-4835-9ED8-7DFB966E87FF}
		{B4F97281-0DBD-4835-9ED8-7DFB966E87FF} = {B4F97281-0DBD-4835-9ED8-7DFB966E87FF}
		{B4F97281-0DBD-4835-9ED8-7DFB966E87FF} = {B4F97281-0DBD-4835-9ED8-7DFB966E87FF}
		{B4F97281-0DBD-4835-9ED8-7DFB966E87FF} = {B4F97281-0DBD-4835-9ED8-7DFB966E87FF}
		{B4F97281-0DBD-4835-9ED8-7DFB966E87FF} = {B4F97281-0DBD-4835-9ED8-7DFB966E87FF}
		{B4F97281-0DBD-4835-9ED8-7DFB966E87FF} = {B4F97281-0DBD-4835-9ED8-7DFB966E87FF}
		{B4F97281-0DBD-4835-9ED8-7DFB966E87FF} = {B4F97281-0DBD-4835-9ED8-7DFB966E87FF}
		{B4F97281-0DBD-4835-9ED8-7DFB966E87FF} = {B4F97281-0DBD-4835-9ED8-7DFB966E87FF}
		{B4F97281-0DBD-4835-9ED8-7DFB966E87FF} = {B4F97281-0DBD-4835-9ED8-7DFB966E87FF}
		{B4F97281-0DBD-4835-9ED8-7DFB966E87FF} = {B4F97281-0DBD-4835-9ED8-7DFB966E87FF}
		{B4F97281-0DBD-4835-9ED8-7DFB966E87FF} = {B4F97281-0DBD-4835-9ED8-7DFB966E87FF}
		{B4F97281-0DBD-4835-9ED8-7DFB966E87FF} = {B4F97281-0DBD-4835-9ED8-7DFB966E87FF}
		{B4F97281-0DBD-4835-9ED8-7DFB966E87FF} = {B4F97281-0DBD-4835-9ED8-7DFB966E87FF}
		{B4F97281-0DBD-4835-9ED8-7DFB966E87FF} = {B4F97281-0DBD-4835-9ED8-7DFB966E87FF}
		{B4F97281-0DBD-4835-9ED8-7DFB966E87FF} = {B4F97281-0DBD-4835-9ED8-7DFB966E87FF}
		{B4F97281-0DBD-4835-9ED8-7DFB966E87FF} = {B4F97281-0DBD-4835-9ED8-7DFB966E87FF}
		{B4F97281-0DBD-4835-9ED8-7DFB966E87FF} = {B4F97281-0DBD-4835-9ED8-7DFB966E87FF}
		{B4F97281-0DBD-4835-9ED8-7DFB966E87FF} = {B4F97281-0DBD-4835-9ED8-7DFB966E87FF}
		{B4F97281-0DBD-4835-9ED8-7DFB966E87FF} = {B4F97281-0DBD-4835-9ED8-7DFB966E87FF}
		{B4F97281-0DBD-4835-9ED8-7DFB966E87FF} = {B4F97281-0DBD-4835-9ED8-7DFB966E87FF}
		{B4F97281-0DBD-4835-9ED8-7DFB966E87FF} = {B4F97281-0DBD-4835-9ED8-7DFB966E87FF}
		{B4F97281-0DBD-4835-9ED8-7DFB966E87FF} = {B4F97281-0DBD-4835-9ED8-7DFB966E87FF}
		{B4F97281-0DBD-4835-9ED8-7DFB966E87FF} = {B4F97281-0DBD-4835-9ED8-7DFB966E87FF}
		{B4F97281-0DBD-4835-9ED8-7DFB966E87FF} = {B4F97281-0DBD-4835-9ED8-7DFB966E87FF}
		{B4F97281-0DBD-4835-9ED8-7DFB966E87FF} = {B4F97281-0DBD-4835-9ED8-7DFB966E87FF}
		{B4F97281-0DBD-4835-9ED8-7DFB966E87FF} = {B4F97281-0DBD-4835-9ED8-7DFB966E87FF}
		{B4F97281-0DBD-4835-9ED8-7DFB966E87FF} = {B4F97281-0DBD-4835-9ED8-7DFB966E87FF}
		{B4F97281-0DBD-4835-9ED8-7DFB966E87FF} = {B4F97281-0DBD-4835-9ED8-7DFB966E87FF}
		{B4F97281-0DBD-4835-9ED8-7DFB966E87FF} = {B4F97281-0DBD-4835-9ED8-7DFB966E87FF}
		{B4F97281-0DBD-4835-9ED8-7DFB966E87FF} = {B4F97281-0DBD-4835-9ED8-7DFB966E87FF}
		{B4F97281-0DBD-4835-9ED8-7DFB966E87FF} = {B4F97281-0DBD-4835-9ED8-7DFB966E87FF}
		{B4F97281-0DBD-4835-9ED8-7DFB966E87FF} = {B4F97281-0DBD-4835-9ED8-7DFB966E87FF}
		{B4F97281-0DBD-4835-9ED8-7DFB966E87FF} = {B4F97281-0DBD-4835-9ED8-7DFB966E87FF}
		{B4F97281-0DBD-4835-9ED8-7DFB966E87FF} = {B4F97281-0DBD-4835-9ED8-7DFB966E87FF}
		{B4F97281-0DBD-4835-9ED8-7DFB966E87FF} = {B4F97281-0DBD-4835-9ED8-7DFB966E87FF}
		{B4F97281-0DBD-4835-9ED8-7DFB966E87FF} = {B4F97281-0DBD-4835-9ED8-7DFB966E87FF}
		{B4F97281-0DBD-4835-9ED8-7DFB966E87FF} = {B4F97281-0DBD-4835-9ED8-7DFB966E87FF}
		{B4F97281-0DBD-4835-9ED8-7DFB966E87FF} = {B4F97281-0DBD-4835-9ED8-7DFB966E87FF}
		{B4F97281-0DBD-4835-9ED8-7DFB966E87FF} = {B4F97281-0DBD-4835-9ED8-7DFB966E87FF}
		{B4F97281-0DBD-4835-9ED8-7DFB966E87FF} = {B4F97281-0DBD-4835-9ED8-7DFB966E87FF}
		{B4F97281-0DBD-4835-9ED8-7DFB966E87FF} = {B4F97281-0DBD-4835-9ED8-7DFB966E87FF}
		{B4F97281-0DBD-4835-9ED8-7DFB966E87FF} = {B4F97281-0DBD-4835-9ED8-7DFB966E87FF}
		{B4F97281-0DBD-4835-9ED8-7DFB966E87FF} = {B4F97281-0DBD-4835-9ED8-7DFB966E87FF}
		{B4F97281-0DBD-4835-9ED8-7DFB966E87FF} = {B4F97281-0DBD-4835-9ED8-7DFB966E87FF}
		{B4F97281-0DBD-4835-9ED8-7DFB966E87FF} = {B4F97281-0DBD-4835-9ED8-7DFB966E87FF}
		{B4F97281-0DBD-4835-9ED8-7DFB966E87FF} = {B4F97281-0DBD-4835-9ED8-7DFB966E87FF}
		{B4F97281-0DBD-4835-9ED8-7DFB966E87FF} = {B4F97281-0DBD-4835-9ED8-7DFB966E87FF}
		{B4F97281-0DBD-4835-9ED8-7DFB966E87FF} = {B4F97281-0DBD-4835-9ED8-7DFB966E87FF}
		{B4F97281-0DBD-4835-9ED8-7DFB966E87FF} = {B4F97281-0DBD-4835-9ED8-7DFB966E87FF}
		{B4F97281-0DBD-4835-9ED8-7DFB966E87FF} = {B4F97281-0DBD-4835-9ED8-7DFB966E87FF}
		{B4F97281-0DBD-4835-9ED8-7DFB966E87FF} = {B4F97281-0DBD-4835-9ED8-7DFB966E87FF}
		{B4F97281-0DBD-4835-9ED8-7DFB966E87FF} = {B4F97281-0DBD-4835-9ED8-7DFB966E87FF}
		{B4F97281-0DBD-4835-9ED8-7DFB966E87FF} = {B4F97281-0DBD-4835-9ED8-7DFB966E87FF}
		{B4F97281-0DBD-4835-9ED8-7DFB966E87FF} = {B4F97281-0DBD-4835-9ED8-7DFB966E87FF}
		{B4F97281-0DBD-4835-9ED8-7DFB966E87FF} = {B4F97281-0DBD-4835-9ED8-7DFB966E87FF}
		{B4F97281-0DBD-4835-9ED8-7DFB966E87FF} = {B4F97281-0DBD-4835-9ED8-7DFB966E87FF}
		{B4F97281-0DBD-4835-9ED8-7DFB966E87FF} = {B4F97281-0DBD-4835-9ED8-7DFB966E87FF}
		{B4F97281-0DBD-4835-9ED8-7DFB966E87FF} = {B4F97281-0DBD-4835-9ED8-7DFB966E87FF}
		{B4F97281-0DBD-4835-9ED8-7DFB966E87FF} = {B4F97281-0DBD-4835-9ED8-7DFB966E87FF}
		{B4F97281-0DBD-4835-9ED8-7DFB966E87FF} = {B4F97281-0DBD-4835-9ED8-7DFB966E87FF}
		{B4F97281-0DBD-4835-9ED8-7DFB966E87FF} = {B4F97281-0DBD-4835-9ED8-7DFB966E87FF}
		{B4F97281-0DBD-4835-9ED8-7DFB966E87FF} = {B4F97281-0DBD-4835-9ED8-7DFB966E87FF}
		{B4F97281-0DBD-4835-9ED8-7DFB966E87FF} = {B4F97281-0DBD-4835-9ED8-7DFB966E87FF}
		{B4F97281-0DBD-4835-9ED8-7DFB966E87FF} = {B4F97281-0DBD-4835-9ED8-7DFB966E87FF}
		{B4F97281-0DBD-4835-9ED8-7DFB966E87FF} = {B4F97281-0DBD-4835-9ED8-7DFB966E87FF}
		{B4F97281-0DBD-4835-9ED8-7DFB966E87FF} = {B4F97281-0DBD-4835-9ED8-7DFB966E87FF}
		{B4F97281-0DBD-4835-9ED8-7DFB966E87FF} = {B4F97281-0DBD-4835-9ED8-7DFB966E87FF}
		{B4F97281-0DBD-4835-9ED8-7DFB966E87FF} = {B4F97281-0DBD-4835-9ED8-7DFB966E87FF}
		{B4F97281-0DBD-4835-9ED8-7DFB966E87FF} = {B4F97281-0DBD-4835-9ED8-7DFB966E87FF}
		{B4F97281-0DBD-4835-9ED8-7DFB966E87FF} = {B4F97281-0DBD-4835-9ED8-7DFB966E87FF}
		{B4F97281-0DBD-4835-9ED8-7DFB966E87FF} = {B4F97281-0DBD-4835-9ED8-7DFB966E87FF}
		{B4F97281-0DBD-4835-9ED8-7DFB966E87FF} = {B4F97281-0DBD-4835-9ED8-7DFB966E87FF}
		{B4F97281-0DBD-4835-9ED8-7DFB966E87FF} = {B4F97281-0DBD-4835-9ED8-7DFB966E87FF}
		{B4F97281-0DBD-4835-9ED8-7DFB966E87FF} = {B4F97281-0DBD-4835-9ED8-7DFB966E87FF}
		{B4F97281-0DBD-4835-9ED8-7DFB966E87FF} = {B4F97281-0DBD-4835-9ED8-7DFB966E87FF}
		{B4F97281-0DBD-4835-9ED8-7DFB966E87FF} = {B4F97281-0DBD-4835-9ED8-7DFB966E87FF}
		{B4F97281-0DBD-4835-9ED8-7DFB966E87FF} = {B4F97281-0DBD-4835-9ED8-7DFB966E87FF}
		{B4F97281-0DBD-4835-9ED8-7DFB966E87FF} = {B4F97281-0DBD-4835-9ED8-7DFB966E87FF}
		{B4F97281-0DBD-4835-9ED8-7DFB966E87FF} = {B4F97281-0DBD-4835-9ED8-7DFB966E87FF}
		{B4F97281-0DBD-4835-9ED8-7DFB966E87FF} = {B4F97281-0DBD-4835-9ED8-7DFB966E87FF}
		{B4F97281-0DBD-4835-9ED8-7DFB966E87FF} = {B4F97281-0DBD-4835-9ED8-7DFB966E87FF}
		{B4F97281-0DBD-4835-9ED8-7DFB966E87FF} = {B4F97281-0DBD-4835-9ED8-7DFB966E87FF}
		{B4F97281-0DBD-4835-9ED8-7DFB966E87FF} = {B4F97281-0DBD-4835-9ED8-7DFB966E87FF}
		{B4F97281-0DBD-4835-9ED8-7DFB966E87FF} = {B4F97281-0DBD-4835-9ED8-7DFB966E87FF}
		{B4F97281-0DBD-4835-9ED8-7DFB966E87FF} = {B4F97281-0DBD-4835-9ED8-7DFB966E87FF}
		{B4F97281-0DBD-4835-9ED8-7DFB966E87FF} = {B4F97281-0DBD-4835-9ED8-7DFB966E87FF}
		{B4F97281-0DBD-4835-9ED8-7DFB966E87FF} = {B4F97281-0DBD-4835-9ED8-7DFB966E87FF}
		{B4F97281-0DBD-4835-9ED8-7DFB966E87FF} = {B4F97281-0DBD-4835-9ED8-7DFB966E87FF}
		{B4F97281-0DBD-4835-9ED8-7DFB966E87FF} = {B4F97281-0DBD-4835-9ED8-7DFB966E87FF}
		{B4F97281-0DBD-4835-9ED8-7DFB966E87FF} = {B4F97281-0DBD-4835-9ED8-7DFB966E87FF}
		{B4F97281-0DBD-4835-9ED8-7DFB966E87FF} = {B4F97281-0DBD-4835-9ED8-7DFB966E87FF}
		{B4F97281-0DBD-4835-9ED8-7DFB966E87FF} = {B4F97281-0DBD-4835-9ED8-7DFB966E87FF}
		{B4F97281-0DBD-4835-9ED8-7DFB966E87FF} = {B4F97281-0DBD-4835-9ED8-7DFB966E87FF}
		{B4F97281-0DBD-4835-9ED8-7DFB966E87FF} = {B4F97281-0DBD-4835-9ED8-7DFB966E87FF}
		{B4F97281-0DBD-4835-9ED8-7DFB966E87FF} = {B4F97281-0DBD-4835-9ED8-7DFB966E87FF}
		{B4F97281-0DBD-4835-9ED8-7DFB966E87FF} = {B4F97281-0DBD-4835-9ED8-7DFB966E87FF}
		{B4F97281-0DBD-4835-9ED8-7DFB966E87FF} = {B4F97281-0DBD-4835-9ED8-7DFB966E87FF}
		{B4F97281-0DBD-4835-9ED8-7DFB966E87FF} = {B4F97281-0DBD-4835-9ED8-7DFB966E87FF}
		{B4F97281-0DBD-4835-9ED8-7DFB966E87FF} = {B4F97281-0DBD-4835-9ED8-7DFB966E87FF}
		{B4F97281-0DBD-4835-9ED8-7DFB966E87FF} = {B4F97281-0DBD-4835-9ED8-7DFB966E87FF}
		{B4F97281-0DBD-4835-9ED8-7DFB966E87FF} = {B4F97281-0DBD-4835-9ED8-7DFB966E87FF}
		{B4F97281-0DBD-4835-9ED8-7DFB966E87FF} = {B4F97281-0DBD-4835-9ED8-7DFB966E87FF}
		{B4F97281-0DBD-4835-9ED8-7DFB966E87FF} = {B4F97281-0DBD-4835-9ED8-7DFB966E87FF}
		{B4F97281-0DBD-4835-9ED8-7DFB966E87FF} = {B4F97281-0DBD-4835-9ED8-7DFB966E87FF}
		{B4F97281-0DBD-4835-9ED8-7DFB966E87FF} = {B4F97281-0DBD-4835-9ED8-7DFB966E87FF}
	EndProjectSection
EndProject
Project("{FAE04EC0-301F-11D3-BF4B-00C04F79EFBC}") = "waterOneFlowImpl", "waterOneFlowImpl\waterOneFlowImpl.csproj", "{533D0719-6D5F-4F02-BD8C-B3D829E9DEB2}"
EndProject
Project("{FAE04EC0-301F-11D3-BF4B-00C04F79EFBC}") = "CustomInstallAction", "CustomInstallAction\CustomInstallAction.csproj", "{E16ABD2F-E3B8-498D-A441-09928E54E4C2}"
EndProject
Project("{FAE04EC0-301F-11D3-BF4B-00C04F79EFBC}") = "CodeRewriter", "CodeRewriter\CodeRewriter.csproj", "{79C351EE-392B-474E-B182-E75D558A4EB7}"
EndProject
Project("{FAE04EC0-301F-11D3-BF4B-00C04F79EFBC}") = "CodeRewriterTest", "CodeRewriterTest\CodeRewriterTest.csproj", "{6C533CAF-5213-49F2-A980-D04E6C40D18E}"
EndProject
Project("{FAE04EC0-301F-11D3-BF4B-00C04F79EFBC}") = "ODM1_1_Datasets", "ODM1_1_Datasets\ODM1_1_Datasets.csproj", "{5EEAEAA9-A624-4C68-A6B9-250AF448DE4B}"
EndProject
Project("{FAE04EC0-301F-11D3-BF4B-00C04F79EFBC}") = "ODM1_0_Datasets", "ODM1_0_Datasets\ODM1_0_Datasets.csproj", "{7CC3CBAF-84AA-4C14-95A8-926C92580F3E}"
EndProject
Project("{FAE04EC0-301F-11D3-BF4B-00C04F79EFBC}") = "WofAuthentication", "WofAuthentication\WofAuthentication.csproj", "{32144077-B780-491E-B0F4-EA29440B056B}"
EndProject
Project("{FAE04EC0-301F-11D3-BF4B-00C04F79EFBC}") = "GenericGrabSampleFiles", "GenericGrabSampleFiles\GenericGrabSampleFiles.csproj", "{248EF659-0FA1-4309-BC7A-CB5695D7C345}"
EndProject
Project("{FAE04EC0-301F-11D3-BF4B-00C04F79EFBC}") = "EncryptConnectionStrings", "EncryptConnectionStrings\EncryptConnectionStrings.csproj", "{ED7EE273-9B41-4981-8709-79BF4A50E0A8}"
EndProject
Project("{FAE04EC0-301F-11D3-BF4B-00C04F79EFBC}") = "Xslt", "Xslt\Xslt.csproj", "{ECC2E655-B860-4A02-B3B2-1223AA673FC9}"
EndProject
Project("{FAE04EC0-301F-11D3-BF4B-00C04F79EFBC}") = "HisCentral", "HisCentral\HisCentral.csproj", "{79EF484B-3408-41D8-9890-3A0C9DA762EC}"
EndProject
Project("{FAE04EC0-301F-11D3-BF4B-00C04F79EFBC}") = "GenericWs2", "GenericWs2\GenericWs2.csproj", "{592A2308-5B12-469F-87AF-0330B4FD63E6}"
EndProject
Project("{FAE04EC0-301F-11D3-BF4B-00C04F79EFBC}") = "WaterOneFlowWcfInterfaces", "WaterOneFlowWcfInterfaces\WaterOneFlowWcfInterfaces.csproj", "{017A86A3-6073-417A-A398-50E9339C2E29}"
EndProject
Project("{FAE04EC0-301F-11D3-BF4B-00C04F79EFBC}") = "WFSHandler", "WFSHandler\WFSHandler.csproj", "{1CDD205B-042C-4C56-A338-40A6C0D4B603}"
EndProject
Project("{FAE04EC0-301F-11D3-BF4B-00C04F79EFBC}") = "HisCentralTest", "HisCentralTest\HisCentralTest.csproj", "{8FCE7763-ED5C-4591-859B-D6DB9F2B1BFC}"
EndProject
Project("{FAE04EC0-301F-11D3-BF4B-00C04F79EFBC}") = "WfsHandlerTest", "WfsHandlerTest\WfsHandlerTest.csproj", "{B224EBD0-E0C2-448E-91CB-85550096FACA}"
EndProject
Project("{2CFEAB61-6A3B-4EB8-B523-560B4BEEF521}") = "GenericWs2.csproj_deploy1", "GenericWs2.csproj_deploy1\GenericWs2.csproj_deploy1.wdproj", "{0F503AB4-EF64-4EF1-BD48-18114B42C310}"
EndProject
Project("{54435603-DBB4-11D2-8724-00A0C9A8B90C}") = "GenericWsSetup2", "GenericWsSetup2\GenericWsSetup2.vdproj", "{677F0CCF-BC9B-4294-BA4F-74A134C834DF}"
EndProject
Global
	GlobalSection(TestCaseManagementSettings) = postSolution
		CategoryFile = genericODws.vsmdi
	EndGlobalSection
	GlobalSection(SolutionConfigurationPlatforms) = preSolution
		Debug|.NET = Debug|.NET
		Debug|Any CPU = Debug|Any CPU
		Debug|Mixed Platforms = Debug|Mixed Platforms
		Default|.NET = Default|.NET
		Default|Any CPU = Default|Any CPU
		Default|Mixed Platforms = Default|Mixed Platforms
		Release|.NET = Release|.NET
		Release|Any CPU = Release|Any CPU
		Release|Mixed Platforms = Release|Mixed Platforms
		WaterDev|.NET = WaterDev|.NET
		WaterDev|Any CPU = WaterDev|Any CPU
		WaterDev|Mixed Platforms = WaterDev|Mixed Platforms
	EndGlobalSection
	GlobalSection(ProjectConfigurationPlatforms) = postSolution
		{533D0719-6D5F-4F02-BD8C-B3D829E9DEB2}.Debug|.NET.ActiveCfg = Debug|Any CPU
		{533D0719-6D5F-4F02-BD8C-B3D829E9DEB2}.Debug|.NET.Build.0 = Debug|Any CPU
		{533D0719-6D5F-4F02-BD8C-B3D829E9DEB2}.Debug|Any CPU.ActiveCfg = Debug|Any CPU
		{533D0719-6D5F-4F02-BD8C-B3D829E9DEB2}.Debug|Any CPU.Build.0 = Debug|Any CPU
		{533D0719-6D5F-4F02-BD8C-B3D829E9DEB2}.Debug|Mixed Platforms.ActiveCfg = Debug|Any CPU
		{533D0719-6D5F-4F02-BD8C-B3D829E9DEB2}.Debug|Mixed Platforms.Build.0 = Debug|Any CPU
		{533D0719-6D5F-4F02-BD8C-B3D829E9DEB2}.Default|.NET.ActiveCfg = Debug|Any CPU
		{533D0719-6D5F-4F02-BD8C-B3D829E9DEB2}.Default|.NET.Build.0 = Debug|Any CPU
		{533D0719-6D5F-4F02-BD8C-B3D829E9DEB2}.Default|Any CPU.ActiveCfg = Debug|Any CPU
		{533D0719-6D5F-4F02-BD8C-B3D829E9DEB2}.Default|Any CPU.Build.0 = Debug|Any CPU
		{533D0719-6D5F-4F02-BD8C-B3D829E9DEB2}.Default|Mixed Platforms.ActiveCfg = Debug|Any CPU
		{533D0719-6D5F-4F02-BD8C-B3D829E9DEB2}.Default|Mixed Platforms.Build.0 = Debug|Any CPU
		{533D0719-6D5F-4F02-BD8C-B3D829E9DEB2}.Release|.NET.ActiveCfg = Release|Any CPU
		{533D0719-6D5F-4F02-BD8C-B3D829E9DEB2}.Release|Any CPU.ActiveCfg = Release|Any CPU
		{533D0719-6D5F-4F02-BD8C-B3D829E9DEB2}.Release|Any CPU.Build.0 = Release|Any CPU
		{533D0719-6D5F-4F02-BD8C-B3D829E9DEB2}.Release|Mixed Platforms.ActiveCfg = Release|Any CPU
		{533D0719-6D5F-4F02-BD8C-B3D829E9DEB2}.Release|Mixed Platforms.Build.0 = Release|Any CPU
		{533D0719-6D5F-4F02-BD8C-B3D829E9DEB2}.WaterDev|.NET.ActiveCfg = WaterDev|Any CPU
		{533D0719-6D5F-4F02-BD8C-B3D829E9DEB2}.WaterDev|.NET.Build.0 = WaterDev|Any CPU
		{533D0719-6D5F-4F02-BD8C-B3D829E9DEB2}.WaterDev|Any CPU.ActiveCfg = WaterDev|Any CPU
		{533D0719-6D5F-4F02-BD8C-B3D829E9DEB2}.WaterDev|Mixed Platforms.ActiveCfg = WaterDev|Any CPU
		{533D0719-6D5F-4F02-BD8C-B3D829E9DEB2}.WaterDev|Mixed Platforms.Build.0 = WaterDev|Any CPU
		{E16ABD2F-E3B8-498D-A441-09928E54E4C2}.Debug|.NET.ActiveCfg = Debug|Any CPU
		{E16ABD2F-E3B8-498D-A441-09928E54E4C2}.Debug|Any CPU.ActiveCfg = Debug|Any CPU
		{E16ABD2F-E3B8-498D-A441-09928E54E4C2}.Debug|Any CPU.Build.0 = Debug|Any CPU
		{E16ABD2F-E3B8-498D-A441-09928E54E4C2}.Debug|Mixed Platforms.ActiveCfg = Debug|Any CPU
		{E16ABD2F-E3B8-498D-A441-09928E54E4C2}.Debug|Mixed Platforms.Build.0 = Debug|Any CPU
		{E16ABD2F-E3B8-498D-A441-09928E54E4C2}.Default|.NET.ActiveCfg = Debug|Any CPU
		{E16ABD2F-E3B8-498D-A441-09928E54E4C2}.Default|Any CPU.ActiveCfg = Debug|Any CPU
		{E16ABD2F-E3B8-498D-A441-09928E54E4C2}.Default|Any CPU.Build.0 = Debug|Any CPU
		{E16ABD2F-E3B8-498D-A441-09928E54E4C2}.Default|Mixed Platforms.ActiveCfg = Debug|Any CPU
		{E16ABD2F-E3B8-498D-A441-09928E54E4C2}.Default|Mixed Platforms.Build.0 = Debug|Any CPU
		{E16ABD2F-E3B8-498D-A441-09928E54E4C2}.Release|.NET.ActiveCfg = Debug|Any CPU
		{E16ABD2F-E3B8-498D-A441-09928E54E4C2}.Release|Any CPU.ActiveCfg = Release|Any CPU
		{E16ABD2F-E3B8-498D-A441-09928E54E4C2}.Release|Any CPU.Build.0 = Release|Any CPU
		{E16ABD2F-E3B8-498D-A441-09928E54E4C2}.Release|Mixed Platforms.ActiveCfg = Release|Any CPU
		{E16ABD2F-E3B8-498D-A441-09928E54E4C2}.Release|Mixed Platforms.Build.0 = Release|Any CPU
		{E16ABD2F-E3B8-498D-A441-09928E54E4C2}.WaterDev|.NET.ActiveCfg = Release|Any CPU
		{E16ABD2F-E3B8-498D-A441-09928E54E4C2}.WaterDev|Any CPU.ActiveCfg = Release|Any CPU
		{E16ABD2F-E3B8-498D-A441-09928E54E4C2}.WaterDev|Any CPU.Build.0 = Release|Any CPU
		{E16ABD2F-E3B8-498D-A441-09928E54E4C2}.WaterDev|Mixed Platforms.ActiveCfg = Release|Any CPU
		{E16ABD2F-E3B8-498D-A441-09928E54E4C2}.WaterDev|Mixed Platforms.Build.0 = Release|Any CPU
		{79C351EE-392B-474E-B182-E75D558A4EB7}.Debug|.NET.ActiveCfg = Debug|Any CPU
		{79C351EE-392B-474E-B182-E75D558A4EB7}.Debug|.NET.Build.0 = Debug|Any CPU
		{79C351EE-392B-474E-B182-E75D558A4EB7}.Debug|Any CPU.ActiveCfg = Debug|Any CPU
		{79C351EE-392B-474E-B182-E75D558A4EB7}.Debug|Any CPU.Build.0 = Debug|Any CPU
		{79C351EE-392B-474E-B182-E75D558A4EB7}.Debug|Mixed Platforms.ActiveCfg = Debug|Any CPU
		{79C351EE-392B-474E-B182-E75D558A4EB7}.Debug|Mixed Platforms.Build.0 = Debug|Any CPU
		{79C351EE-392B-474E-B182-E75D558A4EB7}.Default|.NET.ActiveCfg = Debug|Any CPU
		{79C351EE-392B-474E-B182-E75D558A4EB7}.Default|.NET.Build.0 = Debug|Any CPU
		{79C351EE-392B-474E-B182-E75D558A4EB7}.Default|Any CPU.ActiveCfg = Debug|Any CPU
		{79C351EE-392B-474E-B182-E75D558A4EB7}.Default|Any CPU.Build.0 = Debug|Any CPU
		{79C351EE-392B-474E-B182-E75D558A4EB7}.Default|Mixed Platforms.ActiveCfg = Debug|Any CPU
		{79C351EE-392B-474E-B182-E75D558A4EB7}.Default|Mixed Platforms.Build.0 = Debug|Any CPU
		{79C351EE-392B-474E-B182-E75D558A4EB7}.Release|.NET.ActiveCfg = Release|Any CPU
		{79C351EE-392B-474E-B182-E75D558A4EB7}.Release|Any CPU.ActiveCfg = Release|Any CPU
		{79C351EE-392B-474E-B182-E75D558A4EB7}.Release|Any CPU.Build.0 = Release|Any CPU
		{79C351EE-392B-474E-B182-E75D558A4EB7}.Release|Mixed Platforms.ActiveCfg = Release|Any CPU
		{79C351EE-392B-474E-B182-E75D558A4EB7}.Release|Mixed Platforms.Build.0 = Release|Any CPU
		{79C351EE-392B-474E-B182-E75D558A4EB7}.WaterDev|.NET.ActiveCfg = Release|Any CPU
		{79C351EE-392B-474E-B182-E75D558A4EB7}.WaterDev|.NET.Build.0 = Release|Any CPU
		{79C351EE-392B-474E-B182-E75D558A4EB7}.WaterDev|Any CPU.ActiveCfg = Release|Any CPU
		{79C351EE-392B-474E-B182-E75D558A4EB7}.WaterDev|Any CPU.Build.0 = Release|Any CPU
		{79C351EE-392B-474E-B182-E75D558A4EB7}.WaterDev|Mixed Platforms.ActiveCfg = Release|Any CPU
		{79C351EE-392B-474E-B182-E75D558A4EB7}.WaterDev|Mixed Platforms.Build.0 = Release|Any CPU
		{6C533CAF-5213-49F2-A980-D04E6C40D18E}.Debug|.NET.ActiveCfg = Debug|Any CPU
		{6C533CAF-5213-49F2-A980-D04E6C40D18E}.Debug|Any CPU.ActiveCfg = Debug|Any CPU
		{6C533CAF-5213-49F2-A980-D04E6C40D18E}.Debug|Any CPU.Build.0 = Debug|Any CPU
		{6C533CAF-5213-49F2-A980-D04E6C40D18E}.Debug|Mixed Platforms.ActiveCfg = Debug|Any CPU
		{6C533CAF-5213-49F2-A980-D04E6C40D18E}.Debug|Mixed Platforms.Build.0 = Debug|Any CPU
		{6C533CAF-5213-49F2-A980-D04E6C40D18E}.Default|.NET.ActiveCfg = Debug|Any CPU
		{6C533CAF-5213-49F2-A980-D04E6C40D18E}.Default|Any CPU.ActiveCfg = Debug|Any CPU
		{6C533CAF-5213-49F2-A980-D04E6C40D18E}.Default|Any CPU.Build.0 = Debug|Any CPU
		{6C533CAF-5213-49F2-A980-D04E6C40D18E}.Default|Mixed Platforms.ActiveCfg = Debug|Any CPU
		{6C533CAF-5213-49F2-A980-D04E6C40D18E}.Default|Mixed Platforms.Build.0 = Debug|Any CPU
		{6C533CAF-5213-49F2-A980-D04E6C40D18E}.Release|.NET.ActiveCfg = Release|Any CPU
		{6C533CAF-5213-49F2-A980-D04E6C40D18E}.Release|Any CPU.ActiveCfg = Release|Any CPU
		{6C533CAF-5213-49F2-A980-D04E6C40D18E}.Release|Any CPU.Build.0 = Release|Any CPU
		{6C533CAF-5213-49F2-A980-D04E6C40D18E}.Release|Mixed Platforms.ActiveCfg = Release|Any CPU
		{6C533CAF-5213-49F2-A980-D04E6C40D18E}.Release|Mixed Platforms.Build.0 = Release|Any CPU
		{6C533CAF-5213-49F2-A980-D04E6C40D18E}.WaterDev|.NET.ActiveCfg = Release|Any CPU
		{6C533CAF-5213-49F2-A980-D04E6C40D18E}.WaterDev|Any CPU.ActiveCfg = Release|Any CPU
		{6C533CAF-5213-49F2-A980-D04E6C40D18E}.WaterDev|Any CPU.Build.0 = Release|Any CPU
		{6C533CAF-5213-49F2-A980-D04E6C40D18E}.WaterDev|Mixed Platforms.ActiveCfg = Release|Any CPU
		{6C533CAF-5213-49F2-A980-D04E6C40D18E}.WaterDev|Mixed Platforms.Build.0 = Release|Any CPU
		{5EEAEAA9-A624-4C68-A6B9-250AF448DE4B}.Debug|.NET.ActiveCfg = Debug|Any CPU
		{5EEAEAA9-A624-4C68-A6B9-250AF448DE4B}.Debug|.NET.Build.0 = Debug|Any CPU
		{5EEAEAA9-A624-4C68-A6B9-250AF448DE4B}.Debug|Any CPU.ActiveCfg = Debug|Any CPU
		{5EEAEAA9-A624-4C68-A6B9-250AF448DE4B}.Debug|Any CPU.Build.0 = Debug|Any CPU
		{5EEAEAA9-A624-4C68-A6B9-250AF448DE4B}.Debug|Mixed Platforms.ActiveCfg = Debug|Any CPU
		{5EEAEAA9-A624-4C68-A6B9-250AF448DE4B}.Debug|Mixed Platforms.Build.0 = Debug|Any CPU
		{5EEAEAA9-A624-4C68-A6B9-250AF448DE4B}.Default|.NET.ActiveCfg = Debug|Any CPU
		{5EEAEAA9-A624-4C68-A6B9-250AF448DE4B}.Default|.NET.Build.0 = Debug|Any CPU
		{5EEAEAA9-A624-4C68-A6B9-250AF448DE4B}.Default|Any CPU.ActiveCfg = Debug|Any CPU
		{5EEAEAA9-A624-4C68-A6B9-250AF448DE4B}.Default|Any CPU.Build.0 = Debug|Any CPU
		{5EEAEAA9-A624-4C68-A6B9-250AF448DE4B}.Default|Mixed Platforms.ActiveCfg = Debug|Any CPU
		{5EEAEAA9-A624-4C68-A6B9-250AF448DE4B}.Default|Mixed Platforms.Build.0 = Debug|Any CPU
		{5EEAEAA9-A624-4C68-A6B9-250AF448DE4B}.Release|.NET.ActiveCfg = Release|Any CPU
		{5EEAEAA9-A624-4C68-A6B9-250AF448DE4B}.Release|Any CPU.ActiveCfg = Release|Any CPU
		{5EEAEAA9-A624-4C68-A6B9-250AF448DE4B}.Release|Any CPU.Build.0 = Release|Any CPU
		{5EEAEAA9-A624-4C68-A6B9-250AF448DE4B}.Release|Mixed Platforms.ActiveCfg = Release|Any CPU
		{5EEAEAA9-A624-4C68-A6B9-250AF448DE4B}.Release|Mixed Platforms.Build.0 = Release|Any CPU
		{5EEAEAA9-A624-4C68-A6B9-250AF448DE4B}.WaterDev|.NET.ActiveCfg = Release|Any CPU
		{5EEAEAA9-A624-4C68-A6B9-250AF448DE4B}.WaterDev|.NET.Build.0 = Release|Any CPU
		{5EEAEAA9-A624-4C68-A6B9-250AF448DE4B}.WaterDev|Any CPU.ActiveCfg = Release|Any CPU
		{5EEAEAA9-A624-4C68-A6B9-250AF448DE4B}.WaterDev|Any CPU.Build.0 = Release|Any CPU
		{5EEAEAA9-A624-4C68-A6B9-250AF448DE4B}.WaterDev|Mixed Platforms.ActiveCfg = Release|Any CPU
		{5EEAEAA9-A624-4C68-A6B9-250AF448DE4B}.WaterDev|Mixed Platforms.Build.0 = Release|Any CPU
		{7CC3CBAF-84AA-4C14-95A8-926C92580F3E}.Debug|.NET.ActiveCfg = Debug|Any CPU
		{7CC3CBAF-84AA-4C14-95A8-926C92580F3E}.Debug|.NET.Build.0 = Debug|Any CPU
		{7CC3CBAF-84AA-4C14-95A8-926C92580F3E}.Debug|Any CPU.ActiveCfg = Debug|Any CPU
		{7CC3CBAF-84AA-4C14-95A8-926C92580F3E}.Debug|Any CPU.Build.0 = Debug|Any CPU
		{7CC3CBAF-84AA-4C14-95A8-926C92580F3E}.Debug|Mixed Platforms.ActiveCfg = Debug|Any CPU
		{7CC3CBAF-84AA-4C14-95A8-926C92580F3E}.Debug|Mixed Platforms.Build.0 = Debug|Any CPU
		{7CC3CBAF-84AA-4C14-95A8-926C92580F3E}.Default|.NET.ActiveCfg = Debug|Any CPU
		{7CC3CBAF-84AA-4C14-95A8-926C92580F3E}.Default|.NET.Build.0 = Debug|Any CPU
		{7CC3CBAF-84AA-4C14-95A8-926C92580F3E}.Default|Any CPU.ActiveCfg = Debug|Any CPU
		{7CC3CBAF-84AA-4C14-95A8-926C92580F3E}.Default|Any CPU.Build.0 = Debug|Any CPU
		{7CC3CBAF-84AA-4C14-95A8-926C92580F3E}.Default|Mixed Platforms.ActiveCfg = Debug|Any CPU
		{7CC3CBAF-84AA-4C14-95A8-926C92580F3E}.Default|Mixed Platforms.Build.0 = Debug|Any CPU
		{7CC3CBAF-84AA-4C14-95A8-926C92580F3E}.Release|.NET.ActiveCfg = Release|Any CPU
		{7CC3CBAF-84AA-4C14-95A8-926C92580F3E}.Release|Any CPU.ActiveCfg = Release|Any CPU
		{7CC3CBAF-84AA-4C14-95A8-926C92580F3E}.Release|Any CPU.Build.0 = Release|Any CPU
		{7CC3CBAF-84AA-4C14-95A8-926C92580F3E}.Release|Mixed Platforms.ActiveCfg = Release|Any CPU
		{7CC3CBAF-84AA-4C14-95A8-926C92580F3E}.Release|Mixed Platforms.Build.0 = Release|Any CPU
		{7CC3CBAF-84AA-4C14-95A8-926C92580F3E}.WaterDev|.NET.ActiveCfg = Release|Any CPU
		{7CC3CBAF-84AA-4C14-95A8-926C92580F3E}.WaterDev|.NET.Build.0 = Release|Any CPU
		{7CC3CBAF-84AA-4C14-95A8-926C92580F3E}.WaterDev|Any CPU.ActiveCfg = Release|Any CPU
		{7CC3CBAF-84AA-4C14-95A8-926C92580F3E}.WaterDev|Any CPU.Build.0 = Release|Any CPU
		{7CC3CBAF-84AA-4C14-95A8-926C92580F3E}.WaterDev|Mixed Platforms.ActiveCfg = Release|Any CPU
		{7CC3CBAF-84AA-4C14-95A8-926C92580F3E}.WaterDev|Mixed Platforms.Build.0 = Release|Any CPU
		{32144077-B780-491E-B0F4-EA29440B056B}.Debug|.NET.ActiveCfg = Debug|Any CPU
		{32144077-B780-491E-B0F4-EA29440B056B}.Debug|.NET.Build.0 = Debug|Any CPU
		{32144077-B780-491E-B0F4-EA29440B056B}.Debug|Any CPU.ActiveCfg = Debug|Any CPU
		{32144077-B780-491E-B0F4-EA29440B056B}.Debug|Any CPU.Build.0 = Debug|Any CPU
		{32144077-B780-491E-B0F4-EA29440B056B}.Debug|Mixed Platforms.ActiveCfg = Debug|Any CPU
		{32144077-B780-491E-B0F4-EA29440B056B}.Debug|Mixed Platforms.Build.0 = Debug|Any CPU
		{32144077-B780-491E-B0F4-EA29440B056B}.Default|.NET.ActiveCfg = Debug|Any CPU
		{32144077-B780-491E-B0F4-EA29440B056B}.Default|Any CPU.ActiveCfg = Debug|Any CPU
		{32144077-B780-491E-B0F4-EA29440B056B}.Default|Any CPU.Build.0 = Debug|Any CPU
		{32144077-B780-491E-B0F4-EA29440B056B}.Default|Mixed Platforms.ActiveCfg = Debug|Any CPU
		{32144077-B780-491E-B0F4-EA29440B056B}.Default|Mixed Platforms.Build.0 = Debug|Any CPU
		{32144077-B780-491E-B0F4-EA29440B056B}.Release|.NET.ActiveCfg = Release|Any CPU
		{32144077-B780-491E-B0F4-EA29440B056B}.Release|Any CPU.ActiveCfg = Release|Any CPU
		{32144077-B780-491E-B0F4-EA29440B056B}.Release|Any CPU.Build.0 = Release|Any CPU
		{32144077-B780-491E-B0F4-EA29440B056B}.Release|Mixed Platforms.ActiveCfg = Release|Any CPU
		{32144077-B780-491E-B0F4-EA29440B056B}.Release|Mixed Platforms.Build.0 = Release|Any CPU
		{32144077-B780-491E-B0F4-EA29440B056B}.WaterDev|.NET.ActiveCfg = Release|Any CPU
		{32144077-B780-491E-B0F4-EA29440B056B}.WaterDev|.NET.Build.0 = Release|Any CPU
		{32144077-B780-491E-B0F4-EA29440B056B}.WaterDev|Any CPU.ActiveCfg = Release|Any CPU
		{32144077-B780-491E-B0F4-EA29440B056B}.WaterDev|Any CPU.Build.0 = Release|Any CPU
		{32144077-B780-491E-B0F4-EA29440B056B}.WaterDev|Mixed Platforms.ActiveCfg = Release|Any CPU
		{32144077-B780-491E-B0F4-EA29440B056B}.WaterDev|Mixed Platforms.Build.0 = Release|Any CPU
		{248EF659-0FA1-4309-BC7A-CB5695D7C345}.Debug|.NET.ActiveCfg = Debug|Any CPU
		{248EF659-0FA1-4309-BC7A-CB5695D7C345}.Debug|Any CPU.ActiveCfg = Debug|Any CPU
		{248EF659-0FA1-4309-BC7A-CB5695D7C345}.Debug|Any CPU.Build.0 = Debug|Any CPU
		{248EF659-0FA1-4309-BC7A-CB5695D7C345}.Debug|Mixed Platforms.ActiveCfg = Debug|Any CPU
		{248EF659-0FA1-4309-BC7A-CB5695D7C345}.Debug|Mixed Platforms.Build.0 = Debug|Any CPU
		{248EF659-0FA1-4309-BC7A-CB5695D7C345}.Default|.NET.ActiveCfg = Debug|Any CPU
		{248EF659-0FA1-4309-BC7A-CB5695D7C345}.Default|Any CPU.ActiveCfg = Debug|Any CPU
		{248EF659-0FA1-4309-BC7A-CB5695D7C345}.Default|Any CPU.Build.0 = Debug|Any CPU
		{248EF659-0FA1-4309-BC7A-CB5695D7C345}.Default|Mixed Platforms.ActiveCfg = Debug|Any CPU
		{248EF659-0FA1-4309-BC7A-CB5695D7C345}.Default|Mixed Platforms.Build.0 = Debug|Any CPU
		{248EF659-0FA1-4309-BC7A-CB5695D7C345}.Release|.NET.ActiveCfg = Release|Any CPU
		{248EF659-0FA1-4309-BC7A-CB5695D7C345}.Release|Any CPU.ActiveCfg = Release|Any CPU
		{248EF659-0FA1-4309-BC7A-CB5695D7C345}.Release|Any CPU.Build.0 = Release|Any CPU
		{248EF659-0FA1-4309-BC7A-CB5695D7C345}.Release|Mixed Platforms.ActiveCfg = Release|Any CPU
		{248EF659-0FA1-4309-BC7A-CB5695D7C345}.Release|Mixed Platforms.Build.0 = Release|Any CPU
		{248EF659-0FA1-4309-BC7A-CB5695D7C345}.WaterDev|.NET.ActiveCfg = Release|Any CPU
		{248EF659-0FA1-4309-BC7A-CB5695D7C345}.WaterDev|Any CPU.ActiveCfg = Release|Any CPU
		{248EF659-0FA1-4309-BC7A-CB5695D7C345}.WaterDev|Any CPU.Build.0 = Release|Any CPU
		{248EF659-0FA1-4309-BC7A-CB5695D7C345}.WaterDev|Mixed Platforms.ActiveCfg = Release|Any CPU
		{248EF659-0FA1-4309-BC7A-CB5695D7C345}.WaterDev|Mixed Platforms.Build.0 = Release|Any CPU
		{ED7EE273-9B41-4981-8709-79BF4A50E0A8}.Debug|.NET.ActiveCfg = Debug|Any CPU
		{ED7EE273-9B41-4981-8709-79BF4A50E0A8}.Debug|Any CPU.ActiveCfg = Debug|Any CPU
		{ED7EE273-9B41-4981-8709-79BF4A50E0A8}.Debug|Any CPU.Build.0 = Debug|Any CPU
		{ED7EE273-9B41-4981-8709-79BF4A50E0A8}.Debug|Mixed Platforms.ActiveCfg = Debug|Any CPU
		{ED7EE273-9B41-4981-8709-79BF4A50E0A8}.Debug|Mixed Platforms.Build.0 = Debug|Any CPU
		{ED7EE273-9B41-4981-8709-79BF4A50E0A8}.Default|.NET.ActiveCfg = Debug|Any CPU
		{ED7EE273-9B41-4981-8709-79BF4A50E0A8}.Default|Any CPU.ActiveCfg = Debug|Any CPU
		{ED7EE273-9B41-4981-8709-79BF4A50E0A8}.Default|Any CPU.Build.0 = Debug|Any CPU
		{ED7EE273-9B41-4981-8709-79BF4A50E0A8}.Default|Mixed Platforms.ActiveCfg = Debug|Any CPU
		{ED7EE273-9B41-4981-8709-79BF4A50E0A8}.Default|Mixed Platforms.Build.0 = Debug|Any CPU
		{ED7EE273-9B41-4981-8709-79BF4A50E0A8}.Release|.NET.ActiveCfg = Release|Any CPU
		{ED7EE273-9B41-4981-8709-79BF4A50E0A8}.Release|Any CPU.ActiveCfg = Release|Any CPU
		{ED7EE273-9B41-4981-8709-79BF4A50E0A8}.Release|Any CPU.Build.0 = Release|Any CPU
		{ED7EE273-9B41-4981-8709-79BF4A50E0A8}.Release|Mixed Platforms.ActiveCfg = Release|Any CPU
		{ED7EE273-9B41-4981-8709-79BF4A50E0A8}.Release|Mixed Platforms.Build.0 = Release|Any CPU
		{ED7EE273-9B41-4981-8709-79BF4A50E0A8}.WaterDev|.NET.ActiveCfg = Release|Any CPU
		{ED7EE273-9B41-4981-8709-79BF4A50E0A8}.WaterDev|Any CPU.ActiveCfg = Release|Any CPU
		{ED7EE273-9B41-4981-8709-79BF4A50E0A8}.WaterDev|Any CPU.Build.0 = Release|Any CPU
		{ED7EE273-9B41-4981-8709-79BF4A50E0A8}.WaterDev|Mixed Platforms.ActiveCfg = Release|Any CPU
		{ED7EE273-9B41-4981-8709-79BF4A50E0A8}.WaterDev|Mixed Platforms.Build.0 = Release|Any CPU
		{ECC2E655-B860-4A02-B3B2-1223AA673FC9}.Debug|.NET.ActiveCfg = Debug|Any CPU
		{ECC2E655-B860-4A02-B3B2-1223AA673FC9}.Debug|Any CPU.ActiveCfg = Debug|Any CPU
		{ECC2E655-B860-4A02-B3B2-1223AA673FC9}.Debug|Any CPU.Build.0 = Debug|Any CPU
		{ECC2E655-B860-4A02-B3B2-1223AA673FC9}.Debug|Mixed Platforms.ActiveCfg = Debug|Any CPU
		{ECC2E655-B860-4A02-B3B2-1223AA673FC9}.Debug|Mixed Platforms.Build.0 = Debug|Any CPU
		{ECC2E655-B860-4A02-B3B2-1223AA673FC9}.Default|.NET.ActiveCfg = Debug|Any CPU
		{ECC2E655-B860-4A02-B3B2-1223AA673FC9}.Default|Any CPU.ActiveCfg = Debug|Any CPU
		{ECC2E655-B860-4A02-B3B2-1223AA673FC9}.Default|Any CPU.Build.0 = Debug|Any CPU
		{ECC2E655-B860-4A02-B3B2-1223AA673FC9}.Default|Mixed Platforms.ActiveCfg = Debug|Any CPU
		{ECC2E655-B860-4A02-B3B2-1223AA673FC9}.Default|Mixed Platforms.Build.0 = Debug|Any CPU
		{ECC2E655-B860-4A02-B3B2-1223AA673FC9}.Release|.NET.ActiveCfg = Release|Any CPU
		{ECC2E655-B860-4A02-B3B2-1223AA673FC9}.Release|Any CPU.ActiveCfg = Release|Any CPU
		{ECC2E655-B860-4A02-B3B2-1223AA673FC9}.Release|Any CPU.Build.0 = Release|Any CPU
		{ECC2E655-B860-4A02-B3B2-1223AA673FC9}.Release|Mixed Platforms.ActiveCfg = Release|Any CPU
		{ECC2E655-B860-4A02-B3B2-1223AA673FC9}.Release|Mixed Platforms.Build.0 = Release|Any CPU
		{ECC2E655-B860-4A02-B3B2-1223AA673FC9}.WaterDev|.NET.ActiveCfg = Release|Any CPU
		{ECC2E655-B860-4A02-B3B2-1223AA673FC9}.WaterDev|Any CPU.ActiveCfg = Release|Any CPU
		{ECC2E655-B860-4A02-B3B2-1223AA673FC9}.WaterDev|Any CPU.Build.0 = Release|Any CPU
		{ECC2E655-B860-4A02-B3B2-1223AA673FC9}.WaterDev|Mixed Platforms.ActiveCfg = Release|Any CPU
		{ECC2E655-B860-4A02-B3B2-1223AA673FC9}.WaterDev|Mixed Platforms.Build.0 = Release|Any CPU
		{79EF484B-3408-41D8-9890-3A0C9DA762EC}.Debug|.NET.ActiveCfg = Debug|Any CPU
		{79EF484B-3408-41D8-9890-3A0C9DA762EC}.Debug|Any CPU.ActiveCfg = Debug|Any CPU
		{79EF484B-3408-41D8-9890-3A0C9DA762EC}.Debug|Any CPU.Build.0 = Debug|Any CPU
		{79EF484B-3408-41D8-9890-3A0C9DA762EC}.Debug|Mixed Platforms.ActiveCfg = Debug|Any CPU
		{79EF484B-3408-41D8-9890-3A0C9DA762EC}.Debug|Mixed Platforms.Build.0 = Debug|Any CPU
		{79EF484B-3408-41D8-9890-3A0C9DA762EC}.Default|.NET.ActiveCfg = Debug|Any CPU
		{79EF484B-3408-41D8-9890-3A0C9DA762EC}.Default|Any CPU.ActiveCfg = Debug|Any CPU
		{79EF484B-3408-41D8-9890-3A0C9DA762EC}.Default|Any CPU.Build.0 = Debug|Any CPU
		{79EF484B-3408-41D8-9890-3A0C9DA762EC}.Default|Mixed Platforms.ActiveCfg = Debug|Any CPU
		{79EF484B-3408-41D8-9890-3A0C9DA762EC}.Default|Mixed Platforms.Build.0 = Debug|Any CPU
		{79EF484B-3408-41D8-9890-3A0C9DA762EC}.Release|.NET.ActiveCfg = Release|Any CPU
		{79EF484B-3408-41D8-9890-3A0C9DA762EC}.Release|Any CPU.ActiveCfg = Release|Any CPU
		{79EF484B-3408-41D8-9890-3A0C9DA762EC}.Release|Any CPU.Build.0 = Release|Any CPU
		{79EF484B-3408-41D8-9890-3A0C9DA762EC}.Release|Mixed Platforms.ActiveCfg = Release|Any CPU
		{79EF484B-3408-41D8-9890-3A0C9DA762EC}.Release|Mixed Platforms.Build.0 = Release|Any CPU
		{79EF484B-3408-41D8-9890-3A0C9DA762EC}.WaterDev|.NET.ActiveCfg = Release|Any CPU
		{79EF484B-3408-41D8-9890-3A0C9DA762EC}.WaterDev|Any CPU.ActiveCfg = Release|Any CPU
		{79EF484B-3408-41D8-9890-3A0C9DA762EC}.WaterDev|Any CPU.Build.0 = Release|Any CPU
		{79EF484B-3408-41D8-9890-3A0C9DA762EC}.WaterDev|Mixed Platforms.ActiveCfg = Release|Any CPU
		{79EF484B-3408-41D8-9890-3A0C9DA762EC}.WaterDev|Mixed Platforms.Build.0 = Release|Any CPU
		{592A2308-5B12-469F-87AF-0330B4FD63E6}.Debug|.NET.ActiveCfg = Debug|Any CPU
		{592A2308-5B12-469F-87AF-0330B4FD63E6}.Debug|Any CPU.ActiveCfg = Debug|Any CPU
		{592A2308-5B12-469F-87AF-0330B4FD63E6}.Debug|Any CPU.Build.0 = Debug|Any CPU
		{592A2308-5B12-469F-87AF-0330B4FD63E6}.Debug|Mixed Platforms.ActiveCfg = Debug|Any CPU
		{592A2308-5B12-469F-87AF-0330B4FD63E6}.Debug|Mixed Platforms.Build.0 = Debug|Any CPU
		{592A2308-5B12-469F-87AF-0330B4FD63E6}.Default|.NET.ActiveCfg = Debug|Any CPU
		{592A2308-5B12-469F-87AF-0330B4FD63E6}.Default|Any CPU.ActiveCfg = Debug|Any CPU
		{592A2308-5B12-469F-87AF-0330B4FD63E6}.Default|Any CPU.Build.0 = Debug|Any CPU
		{592A2308-5B12-469F-87AF-0330B4FD63E6}.Default|Mixed Platforms.ActiveCfg = Debug|Any CPU
		{592A2308-5B12-469F-87AF-0330B4FD63E6}.Default|Mixed Platforms.Build.0 = Debug|Any CPU
		{592A2308-5B12-469F-87AF-0330B4FD63E6}.Release|.NET.ActiveCfg = Release|Any CPU
		{592A2308-5B12-469F-87AF-0330B4FD63E6}.Release|Any CPU.ActiveCfg = Release|Any CPU
		{592A2308-5B12-469F-87AF-0330B4FD63E6}.Release|Any CPU.Build.0 = Release|Any CPU
		{592A2308-5B12-469F-87AF-0330B4FD63E6}.Release|Mixed Platforms.ActiveCfg = Release|Any CPU
		{592A2308-5B12-469F-87AF-0330B4FD63E6}.Release|Mixed Platforms.Build.0 = Release|Any CPU
		{592A2308-5B12-469F-87AF-0330B4FD63E6}.WaterDev|.NET.ActiveCfg = Release|Any CPU
		{592A2308-5B12-469F-87AF-0330B4FD63E6}.WaterDev|Any CPU.ActiveCfg = WaterDev|Any CPU
		{592A2308-5B12-469F-87AF-0330B4FD63E6}.WaterDev|Any CPU.Build.0 = WaterDev|Any CPU
		{592A2308-5B12-469F-87AF-0330B4FD63E6}.WaterDev|Mixed Platforms.ActiveCfg = Release|Any CPU
		{592A2308-5B12-469F-87AF-0330B4FD63E6}.WaterDev|Mixed Platforms.Build.0 = Release|Any CPU
		{017A86A3-6073-417A-A398-50E9339C2E29}.Debug|.NET.ActiveCfg = Debug|Any CPU
		{017A86A3-6073-417A-A398-50E9339C2E29}.Debug|Any CPU.ActiveCfg = Debug|Any CPU
		{017A86A3-6073-417A-A398-50E9339C2E29}.Debug|Any CPU.Build.0 = Debug|Any CPU
		{017A86A3-6073-417A-A398-50E9339C2E29}.Debug|Mixed Platforms.ActiveCfg = Debug|Any CPU
		{017A86A3-6073-417A-A398-50E9339C2E29}.Debug|Mixed Platforms.Build.0 = Debug|Any CPU
		{017A86A3-6073-417A-A398-50E9339C2E29}.Default|.NET.ActiveCfg = Debug|Any CPU
		{017A86A3-6073-417A-A398-50E9339C2E29}.Default|Any CPU.ActiveCfg = Debug|Any CPU
		{017A86A3-6073-417A-A398-50E9339C2E29}.Default|Any CPU.Build.0 = Debug|Any CPU
		{017A86A3-6073-417A-A398-50E9339C2E29}.Default|Mixed Platforms.ActiveCfg = Debug|Any CPU
		{017A86A3-6073-417A-A398-50E9339C2E29}.Default|Mixed Platforms.Build.0 = Debug|Any CPU
		{017A86A3-6073-417A-A398-50E9339C2E29}.Release|.NET.ActiveCfg = Release|Any CPU
		{017A86A3-6073-417A-A398-50E9339C2E29}.Release|Any CPU.ActiveCfg = Release|Any CPU
		{017A86A3-6073-417A-A398-50E9339C2E29}.Release|Any CPU.Build.0 = Release|Any CPU
		{017A86A3-6073-417A-A398-50E9339C2E29}.Release|Mixed Platforms.ActiveCfg = Release|Any CPU
		{017A86A3-6073-417A-A398-50E9339C2E29}.Release|Mixed Platforms.Build.0 = Release|Any CPU
		{017A86A3-6073-417A-A398-50E9339C2E29}.WaterDev|.NET.ActiveCfg = Release|Any CPU
		{017A86A3-6073-417A-A398-50E9339C2E29}.WaterDev|Any CPU.ActiveCfg = Release|Any CPU
		{017A86A3-6073-417A-A398-50E9339C2E29}.WaterDev|Any CPU.Build.0 = Release|Any CPU
		{017A86A3-6073-417A-A398-50E9339C2E29}.WaterDev|Mixed Platforms.ActiveCfg = Release|Any CPU
		{017A86A3-6073-417A-A398-50E9339C2E29}.WaterDev|Mixed Platforms.Build.0 = Release|Any CPU
		{1CDD205B-042C-4C56-A338-40A6C0D4B603}.Debug|.NET.ActiveCfg = Debug|Any CPU
		{1CDD205B-042C-4C56-A338-40A6C0D4B603}.Debug|Any CPU.ActiveCfg = Debug|Any CPU
		{1CDD205B-042C-4C56-A338-40A6C0D4B603}.Debug|Any CPU.Build.0 = Debug|Any CPU
		{1CDD205B-042C-4C56-A338-40A6C0D4B603}.Debug|Mixed Platforms.ActiveCfg = Debug|Any CPU
		{1CDD205B-042C-4C56-A338-40A6C0D4B603}.Debug|Mixed Platforms.Build.0 = Debug|Any CPU
		{1CDD205B-042C-4C56-A338-40A6C0D4B603}.Default|.NET.ActiveCfg = Debug|Any CPU
		{1CDD205B-042C-4C56-A338-40A6C0D4B603}.Default|Any CPU.ActiveCfg = Debug|Any CPU
		{1CDD205B-042C-4C56-A338-40A6C0D4B603}.Default|Any CPU.Build.0 = Debug|Any CPU
		{1CDD205B-042C-4C56-A338-40A6C0D4B603}.Default|Mixed Platforms.ActiveCfg = Debug|Any CPU
		{1CDD205B-042C-4C56-A338-40A6C0D4B603}.Default|Mixed Platforms.Build.0 = Debug|Any CPU
		{1CDD205B-042C-4C56-A338-40A6C0D4B603}.Release|.NET.ActiveCfg = Release|Any CPU
		{1CDD205B-042C-4C56-A338-40A6C0D4B603}.Release|Any CPU.ActiveCfg = Release|Any CPU
		{1CDD205B-042C-4C56-A338-40A6C0D4B603}.Release|Any CPU.Build.0 = Release|Any CPU
		{1CDD205B-042C-4C56-A338-40A6C0D4B603}.Release|Mixed Platforms.ActiveCfg = Release|Any CPU
		{1CDD205B-042C-4C56-A338-40A6C0D4B603}.Release|Mixed Platforms.Build.0 = Release|Any CPU
		{1CDD205B-042C-4C56-A338-40A6C0D4B603}.WaterDev|.NET.ActiveCfg = Release|Any CPU
		{1CDD205B-042C-4C56-A338-40A6C0D4B603}.WaterDev|Any CPU.ActiveCfg = Release|Any CPU
		{1CDD205B-042C-4C56-A338-40A6C0D4B603}.WaterDev|Any CPU.Build.0 = Release|Any CPU
		{1CDD205B-042C-4C56-A338-40A6C0D4B603}.WaterDev|Mixed Platforms.ActiveCfg = Release|Any CPU
		{1CDD205B-042C-4C56-A338-40A6C0D4B603}.WaterDev|Mixed Platforms.Build.0 = Release|Any CPU
		{8FCE7763-ED5C-4591-859B-D6DB9F2B1BFC}.Debug|.NET.ActiveCfg = Debug|Any CPU
		{8FCE7763-ED5C-4591-859B-D6DB9F2B1BFC}.Debug|Any CPU.ActiveCfg = Debug|Any CPU
		{8FCE7763-ED5C-4591-859B-D6DB9F2B1BFC}.Debug|Any CPU.Build.0 = Debug|Any CPU
		{8FCE7763-ED5C-4591-859B-D6DB9F2B1BFC}.Debug|Mixed Platforms.ActiveCfg = Debug|Any CPU
		{8FCE7763-ED5C-4591-859B-D6DB9F2B1BFC}.Debug|Mixed Platforms.Build.0 = Debug|Any CPU
		{8FCE7763-ED5C-4591-859B-D6DB9F2B1BFC}.Default|.NET.ActiveCfg = Debug|Any CPU
		{8FCE7763-ED5C-4591-859B-D6DB9F2B1BFC}.Default|Any CPU.ActiveCfg = Debug|Any CPU
		{8FCE7763-ED5C-4591-859B-D6DB9F2B1BFC}.Default|Any CPU.Build.0 = Debug|Any CPU
		{8FCE7763-ED5C-4591-859B-D6DB9F2B1BFC}.Default|Mixed Platforms.ActiveCfg = Debug|Any CPU
		{8FCE7763-ED5C-4591-859B-D6DB9F2B1BFC}.Default|Mixed Platforms.Build.0 = Debug|Any CPU
		{8FCE7763-ED5C-4591-859B-D6DB9F2B1BFC}.Release|.NET.ActiveCfg = Release|Any CPU
		{8FCE7763-ED5C-4591-859B-D6DB9F2B1BFC}.Release|Any CPU.ActiveCfg = Release|Any CPU
		{8FCE7763-ED5C-4591-859B-D6DB9F2B1BFC}.Release|Any CPU.Build.0 = Release|Any CPU
		{8FCE7763-ED5C-4591-859B-D6DB9F2B1BFC}.Release|Mixed Platforms.ActiveCfg = Release|Any CPU
		{8FCE7763-ED5C-4591-859B-D6DB9F2B1BFC}.Release|Mixed Platforms.Build.0 = Release|Any CPU
		{8FCE7763-ED5C-4591-859B-D6DB9F2B1BFC}.WaterDev|.NET.ActiveCfg = Release|Any CPU
		{8FCE7763-ED5C-4591-859B-D6DB9F2B1BFC}.WaterDev|Any CPU.ActiveCfg = Release|Any CPU
		{8FCE7763-ED5C-4591-859B-D6DB9F2B1BFC}.WaterDev|Any CPU.Build.0 = Release|Any CPU
		{8FCE7763-ED5C-4591-859B-D6DB9F2B1BFC}.WaterDev|Mixed Platforms.ActiveCfg = Release|Any CPU
		{8FCE7763-ED5C-4591-859B-D6DB9F2B1BFC}.WaterDev|Mixed Platforms.Build.0 = Release|Any CPU
		{B224EBD0-E0C2-448E-91CB-85550096FACA}.Debug|.NET.ActiveCfg = Debug|Any CPU
		{B224EBD0-E0C2-448E-91CB-85550096FACA}.Debug|Any CPU.ActiveCfg = Debug|Any CPU
		{B224EBD0-E0C2-448E-91CB-85550096FACA}.Debug|Any CPU.Build.0 = Debug|Any CPU
		{B224EBD0-E0C2-448E-91CB-85550096FACA}.Debug|Mixed Platforms.ActiveCfg = Debug|Any CPU
		{B224EBD0-E0C2-448E-91CB-85550096FACA}.Debug|Mixed Platforms.Build.0 = Debug|Any CPU
		{B224EBD0-E0C2-448E-91CB-85550096FACA}.Default|.NET.ActiveCfg = Debug|Any CPU
		{B224EBD0-E0C2-448E-91CB-85550096FACA}.Default|Any CPU.ActiveCfg = Debug|Any CPU
		{B224EBD0-E0C2-448E-91CB-85550096FACA}.Default|Any CPU.Build.0 = Debug|Any CPU
		{B224EBD0-E0C2-448E-91CB-85550096FACA}.Default|Mixed Platforms.ActiveCfg = Debug|Any CPU
		{B224EBD0-E0C2-448E-91CB-85550096FACA}.Default|Mixed Platforms.Build.0 = Debug|Any CPU
		{B224EBD0-E0C2-448E-91CB-85550096FACA}.Release|.NET.ActiveCfg = Release|Any CPU
		{B224EBD0-E0C2-448E-91CB-85550096FACA}.Release|Any CPU.ActiveCfg = Release|Any CPU
		{B224EBD0-E0C2-448E-91CB-85550096FACA}.Release|Any CPU.Build.0 = Release|Any CPU
		{B224EBD0-E0C2-448E-91CB-85550096FACA}.Release|Mixed Platforms.ActiveCfg = Release|Any CPU
		{B224EBD0-E0C2-448E-91CB-85550096FACA}.Release|Mixed Platforms.Build.0 = Release|Any CPU
		{B224EBD0-E0C2-448E-91CB-85550096FACA}.WaterDev|.NET.ActiveCfg = Release|Any CPU
		{B224EBD0-E0C2-448E-91CB-85550096FACA}.WaterDev|Any CPU.ActiveCfg = Release|Any CPU
		{B224EBD0-E0C2-448E-91CB-85550096FACA}.WaterDev|Any CPU.Build.0 = Release|Any CPU
		{B224EBD0-E0C2-448E-91CB-85550096FACA}.WaterDev|Mixed Platforms.ActiveCfg = Release|Any CPU
		{B224EBD0-E0C2-448E-91CB-85550096FACA}.WaterDev|Mixed Platforms.Build.0 = Release|Any CPU
		{0F503AB4-EF64-4EF1-BD48-18114B42C310}.Debug|.NET.ActiveCfg = Debug|Any CPU
		{0F503AB4-EF64-4EF1-BD48-18114B42C310}.Debug|Any CPU.ActiveCfg = Debug|Any CPU
		{0F503AB4-EF64-4EF1-BD48-18114B42C310}.Debug|Any CPU.Build.0 = Debug|Any CPU
		{0F503AB4-EF64-4EF1-BD48-18114B42C310}.Debug|Mixed Platforms.ActiveCfg = Debug|Any CPU
		{0F503AB4-EF64-4EF1-BD48-18114B42C310}.Debug|Mixed Platforms.Build.0 = Debug|Any CPU
		{0F503AB4-EF64-4EF1-BD48-18114B42C310}.Default|.NET.ActiveCfg = Debug|Any CPU
		{0F503AB4-EF64-4EF1-BD48-18114B42C310}.Default|Any CPU.ActiveCfg = Debug|Any CPU
		{0F503AB4-EF64-4EF1-BD48-18114B42C310}.Default|Any CPU.Build.0 = Debug|Any CPU
		{0F503AB4-EF64-4EF1-BD48-18114B42C310}.Default|Mixed Platforms.ActiveCfg = Debug|Any CPU
		{0F503AB4-EF64-4EF1-BD48-18114B42C310}.Default|Mixed Platforms.Build.0 = Debug|Any CPU
		{0F503AB4-EF64-4EF1-BD48-18114B42C310}.Release|.NET.ActiveCfg = Release|Any CPU
		{0F503AB4-EF64-4EF1-BD48-18114B42C310}.Release|Any CPU.ActiveCfg = Release|Any CPU
		{0F503AB4-EF64-4EF1-BD48-18114B42C310}.Release|Any CPU.Build.0 = Release|Any CPU
		{0F503AB4-EF64-4EF1-BD48-18114B42C310}.Release|Mixed Platforms.ActiveCfg = Release|Any CPU
		{0F503AB4-EF64-4EF1-BD48-18114B42C310}.Release|Mixed Platforms.Build.0 = Release|Any CPU
		{0F503AB4-EF64-4EF1-BD48-18114B42C310}.WaterDev|.NET.ActiveCfg = Release|Any CPU
		{0F503AB4-EF64-4EF1-BD48-18114B42C310}.WaterDev|Any CPU.ActiveCfg = Release|Any CPU
		{0F503AB4-EF64-4EF1-BD48-18114B42C310}.WaterDev|Any CPU.Build.0 = Release|Any CPU
		{0F503AB4-EF64-4EF1-BD48-18114B42C310}.WaterDev|Mixed Platforms.ActiveCfg = Release|Any CPU
		{0F503AB4-EF64-4EF1-BD48-18114B42C310}.WaterDev|Mixed Platforms.Build.0 = Release|Any CPU
		{677F0CCF-BC9B-4294-BA4F-74A134C834DF}.Debug|.NET.ActiveCfg = Debug
		{677F0CCF-BC9B-4294-BA4F-74A134C834DF}.Debug|Any CPU.ActiveCfg = Debug
		{677F0CCF-BC9B-4294-BA4F-74A134C834DF}.Debug|Mixed Platforms.ActiveCfg = Debug
		{677F0CCF-BC9B-4294-BA4F-74A134C834DF}.Default|.NET.ActiveCfg = Debug
		{677F0CCF-BC9B-4294-BA4F-74A134C834DF}.Default|Any CPU.ActiveCfg = Debug
		{677F0CCF-BC9B-4294-BA4F-74A134C834DF}.Default|Mixed Platforms.ActiveCfg = Debug
		{677F0CCF-BC9B-4294-BA4F-74A134C834DF}.Release|.NET.ActiveCfg = Release
		{677F0CCF-BC9B-4294-BA4F-74A134C834DF}.Release|Any CPU.ActiveCfg = Release
		{677F0CCF-BC9B-4294-BA4F-74A134C834DF}.Release|Mixed Platforms.ActiveCfg = Release
		{677F0CCF-BC9B-4294-BA4F-74A134C834DF}.WaterDev|.NET.ActiveCfg = Release
		{677F0CCF-BC9B-4294-BA4F-74A134C834DF}.WaterDev|Any CPU.ActiveCfg = Release
		{677F0CCF-BC9B-4294-BA4F-74A134C834DF}.WaterDev|Mixed Platforms.ActiveCfg = Release
	EndGlobalSection
	GlobalSection(SolutionProperties) = preSolution
		HideSolutionNode = FALSE
	EndGlobalSection
	GlobalSection(TextTemplating) = postSolution
		TextTemplating = 1
	EndGlobalSection
EndGlobal
