
Microsoft Visual Studio Solution File, Format Version 10.00
# Visual Studio 2008
Project("{E24C65DC-7377-472B-9ABA-BC803B73C61A}") = "hiscentral", "hiscentral\", "{E46830A5-7959-474F-98F1-1811BB438E93}"
	ProjectSection(WebsiteProperties) = preProject
		TargetFramework = "3.5"
		Debug.AspNetCompiler.VirtualPath = "/hiscentral"
		Debug.AspNetCompiler.PhysicalPath = "hiscentral\"
		Debug.AspNetCompiler.TargetPath = "PrecompiledWeb\hiscentral\"
		Debug.AspNetCompiler.Updateable = "true"
		Debug.AspNetCompiler.ForceOverwrite = "true"
		Debug.AspNetCompiler.FixedNames = "false"
		Debug.AspNetCompiler.Debug = "True"
		Release.AspNetCompiler.VirtualPath = "/hiscentral"
		Release.AspNetCompiler.PhysicalPath = "hiscentral\"
		Release.AspNetCompiler.TargetPath = "PrecompiledWeb\hiscentral\"
		Release.AspNetCompiler.Updateable = "true"
		Release.AspNetCompiler.ForceOverwrite = "true"
		Release.AspNetCompiler.FixedNames = "false"
		Release.AspNetCompiler.Debug = "False"
		VWDPort = "5530"
	EndProjectSection
EndProject
Global
	GlobalSection(SolutionConfigurationPlatforms) = preSolution
		Debug|Any CPU = Debug|Any CPU
	EndGlobalSection
	GlobalSection(ProjectConfigurationPlatforms) = postSolution
		{E46830A5-7959-474F-98F1-1811BB438E93}.Debug|Any CPU.ActiveCfg = Debug|Any CPU
		{E46830A5-7959-474F-98F1-1811BB438E93}.Debug|Any CPU.Build.0 = Debug|Any CPU
	EndGlobalSection
	GlobalSection(SolutionProperties) = preSolution
		HideSolutionNode = FALSE
	EndGlobalSection
EndGlobal
