
Microsoft Visual Studio Solution File, Format Version 11.00
# Visual Studio 2010
Project("{FAE04EC0-301F-11D3-BF4B-00C04F79EFBC}") = "HisCentralWSMethodTests", "HisCentralWSMethodTests\HisCentralWSMethodTests.csproj", "{5194F600-41AA-48A9-BD1A-1C3AB9313BB8}"
EndProject
Project("{FAE04EC0-301F-11D3-BF4B-00C04F79EFBC}") = "hiscentral_2010", "hiscentral_2010\hiscentral_2010.csproj", "{76D10F8E-F71B-4B14-AD2F-2CC3472D055B}"
EndProject
Global
	GlobalSection(SolutionConfigurationPlatforms) = preSolution
		Debug|Any CPU = Debug|Any CPU
		Deployment|Any CPU = Deployment|Any CPU
		Production|Any CPU = Production|Any CPU
		Release|Any CPU = Release|Any CPU
	EndGlobalSection
	GlobalSection(ProjectConfigurationPlatforms) = postSolution
		{5194F600-41AA-48A9-BD1A-1C3AB9313BB8}.Debug|Any CPU.ActiveCfg = Debug|Any CPU
		{5194F600-41AA-48A9-BD1A-1C3AB9313BB8}.Debug|Any CPU.Build.0 = Debug|Any CPU
		{5194F600-41AA-48A9-BD1A-1C3AB9313BB8}.Deployment|Any CPU.ActiveCfg = Debug|Any CPU
		{5194F600-41AA-48A9-BD1A-1C3AB9313BB8}.Deployment|Any CPU.Build.0 = Debug|Any CPU
		{5194F600-41AA-48A9-BD1A-1C3AB9313BB8}.Production|Any CPU.ActiveCfg = Production|Any CPU
		{5194F600-41AA-48A9-BD1A-1C3AB9313BB8}.Production|Any CPU.Build.0 = Production|Any CPU
		{5194F600-41AA-48A9-BD1A-1C3AB9313BB8}.Release|Any CPU.ActiveCfg = Release|Any CPU
		{5194F600-41AA-48A9-BD1A-1C3AB9313BB8}.Release|Any CPU.Build.0 = Release|Any CPU
		{76D10F8E-F71B-4B14-AD2F-2CC3472D055B}.Debug|Any CPU.ActiveCfg = Debug|Any CPU
		{76D10F8E-F71B-4B14-AD2F-2CC3472D055B}.Debug|Any CPU.Build.0 = Debug|Any CPU
		{76D10F8E-F71B-4B14-AD2F-2CC3472D055B}.Deployment|Any CPU.ActiveCfg = Debug|Any CPU
		{76D10F8E-F71B-4B14-AD2F-2CC3472D055B}.Deployment|Any CPU.Build.0 = Debug|Any CPU
		{76D10F8E-F71B-4B14-AD2F-2CC3472D055B}.Production|Any CPU.ActiveCfg = Production|Any CPU
		{76D10F8E-F71B-4B14-AD2F-2CC3472D055B}.Production|Any CPU.Build.0 = Production|Any CPU
		{76D10F8E-F71B-4B14-AD2F-2CC3472D055B}.Release|Any CPU.ActiveCfg = Release|Any CPU
		{76D10F8E-F71B-4B14-AD2F-2CC3472D055B}.Release|Any CPU.Build.0 = Release|Any CPU
	EndGlobalSection
	GlobalSection(SolutionProperties) = preSolution
		HideSolutionNode = FALSE
	EndGlobalSection
EndGlobal
