
Microsoft Visual Studio Solution File, Format Version 11.00
# Visual Studio 2010
Project("{E24C65DC-7377-472B-9ABA-BC803B73C61A}") = "mastercvreg", ".", "{C654E817-588A-4426-9CE1-96540DA5D0A4}"
	ProjectSection(WebsiteProperties) = preProject
		TargetFrameworkMoniker = ".NETFramework,Version%3Dv3.5"
		Debug.AspNetCompiler.VirtualPath = "/mastercvreg"
		Debug.AspNetCompiler.PhysicalPath = "..\mastercvreg\"
		Debug.AspNetCompiler.TargetPath = "PrecompiledWeb\mastercvreg\"
		Debug.AspNetCompiler.Updateable = "true"
		Debug.AspNetCompiler.ForceOverwrite = "true"
		Debug.AspNetCompiler.FixedNames = "false"
		Debug.AspNetCompiler.Debug = "True"
		Release.AspNetCompiler.VirtualPath = "/mastercvreg"
		Release.AspNetCompiler.PhysicalPath = "..\mastercvreg\"
		Release.AspNetCompiler.TargetPath = "PrecompiledWeb\mastercvreg\"
		Release.AspNetCompiler.Updateable = "true"
		Release.AspNetCompiler.ForceOverwrite = "true"
		Release.AspNetCompiler.FixedNames = "false"
		Release.AspNetCompiler.Debug = "False"
		VWDPort = "4526"
	EndProjectSection
EndProject
Global
	GlobalSection(SolutionConfigurationPlatforms) = preSolution
		Debug|Any CPU = Debug|Any CPU
	EndGlobalSection
	GlobalSection(ProjectConfigurationPlatforms) = postSolution
		{C654E817-588A-4426-9CE1-96540DA5D0A4}.Debug|Any CPU.ActiveCfg = Debug|Any CPU
		{C654E817-588A-4426-9CE1-96540DA5D0A4}.Debug|Any CPU.Build.0 = Debug|Any CPU
	EndGlobalSection
	GlobalSection(SolutionProperties) = preSolution
		HideSolutionNode = FALSE
	EndGlobalSection
EndGlobal
